// !$*UTF8*$!
{
	archiveVersion = 1;
	classes = {
	};
	objectVersion = 48;
	objects = {

/* Begin PBXBuildFile section */
		8FDAF28E1F873B26D28B5FB9 /* Pods_Embarc.framework in Frameworks */ = {isa = PBXBuildFile; fileRef = 0D3CCE8A0DAB75C4B397ACB5 /* Pods_Embarc.framework */; };
		C35ACCFF1F7F84730005A856 /* Embarc1.jpg in Resources */ = {isa = PBXBuildFile; fileRef = C35ACCFE1F7F83AB0005A856 /* Embarc1.jpg */; };
		C366D5411F7F40FB00DA45FA /* AppDelegate.swift in Sources */ = {isa = PBXBuildFile; fileRef = C366D5401F7F40FB00DA45FA /* AppDelegate.swift */; };
		C366D5431F7F40FB00DA45FA /* RootViewController.swift in Sources */ = {isa = PBXBuildFile; fileRef = C366D5421F7F40FB00DA45FA /* RootViewController.swift */; };
		C366D5451F7F40FB00DA45FA /* DataViewController.swift in Sources */ = {isa = PBXBuildFile; fileRef = C366D5441F7F40FB00DA45FA /* DataViewController.swift */; };
		C366D5471F7F40FB00DA45FA /* ModelController.swift in Sources */ = {isa = PBXBuildFile; fileRef = C366D5461F7F40FB00DA45FA /* ModelController.swift */; };
		C366D54A1F7F40FB00DA45FA /* Main.storyboard in Resources */ = {isa = PBXBuildFile; fileRef = C366D5481F7F40FB00DA45FA /* Main.storyboard */; };
		C366D54C1F7F40FB00DA45FA /* Assets.xcassets in Resources */ = {isa = PBXBuildFile; fileRef = C366D54B1F7F40FB00DA45FA /* Assets.xcassets */; };
		C366D54F1F7F40FB00DA45FA /* LaunchScreen.storyboard in Resources */ = {isa = PBXBuildFile; fileRef = C366D54D1F7F40FB00DA45FA /* LaunchScreen.storyboard */; };
		C366D5581F7F498F00DA45FA /* TimeLineViewController.swift in Sources */ = {isa = PBXBuildFile; fileRef = C366D5571F7F498F00DA45FA /* TimeLineViewController.swift */; };
/* End PBXBuildFile section */

/* Begin PBXFileReference section */
		0D3CCE8A0DAB75C4B397ACB5 /* Pods_Embarc.framework */ = {isa = PBXFileReference; explicitFileType = wrapper.framework; includeInIndex = 0; path = Pods_Embarc.framework; sourceTree = BUILT_PRODUCTS_DIR; };
		330138630C850AF9A6C9EFAB /* Pods-Embarc.debug.xcconfig */ = {isa = PBXFileReference; includeInIndex = 1; lastKnownFileType = text.xcconfig; name = "Pods-Embarc.debug.xcconfig"; path = "Pods/Target Support Files/Pods-Embarc/Pods-Embarc.debug.xcconfig"; sourceTree = "<group>"; };
		84CCFCAE873FA00FDE5D7324 /* Pods-Embarc.release.xcconfig */ = {isa = PBXFileReference; includeInIndex = 1; lastKnownFileType = text.xcconfig; name = "Pods-Embarc.release.xcconfig"; path = "Pods/Target Support Files/Pods-Embarc/Pods-Embarc.release.xcconfig"; sourceTree = "<group>"; };
		C35ACCFE1F7F83AB0005A856 /* Embarc1.jpg */ = {isa = PBXFileReference; lastKnownFileType = image.jpeg; path = Embarc1.jpg; sourceTree = "<group>"; };
		C366D53D1F7F40FB00DA45FA /* Embarc.app */ = {isa = PBXFileReference; explicitFileType = wrapper.application; includeInIndex = 0; path = Embarc.app; sourceTree = BUILT_PRODUCTS_DIR; };
		C366D5401F7F40FB00DA45FA /* AppDelegate.swift */ = {isa = PBXFileReference; lastKnownFileType = sourcecode.swift; path = AppDelegate.swift; sourceTree = "<group>"; };
		C366D5421F7F40FB00DA45FA /* RootViewController.swift */ = {isa = PBXFileReference; lastKnownFileType = sourcecode.swift; path = RootViewController.swift; sourceTree = "<group>"; };
		C366D5441F7F40FB00DA45FA /* DataViewController.swift */ = {isa = PBXFileReference; lastKnownFileType = sourcecode.swift; path = DataViewController.swift; sourceTree = "<group>"; };
		C366D5461F7F40FB00DA45FA /* ModelController.swift */ = {isa = PBXFileReference; lastKnownFileType = sourcecode.swift; path = ModelController.swift; sourceTree = "<group>"; };
		C366D5491F7F40FB00DA45FA /* Base */ = {isa = PBXFileReference; lastKnownFileType = file.storyboard; name = Base; path = Base.lproj/Main.storyboard; sourceTree = "<group>"; };
		C366D54B1F7F40FB00DA45FA /* Assets.xcassets */ = {isa = PBXFileReference; lastKnownFileType = folder.assetcatalog; path = Assets.xcassets; sourceTree = "<group>"; };
		C366D54E1F7F40FB00DA45FA /* Base */ = {isa = PBXFileReference; lastKnownFileType = file.storyboard; name = Base; path = Base.lproj/LaunchScreen.storyboard; sourceTree = "<group>"; };
		C366D5501F7F40FB00DA45FA /* Info.plist */ = {isa = PBXFileReference; lastKnownFileType = text.plist.xml; path = Info.plist; sourceTree = "<group>"; };
		C366D5571F7F498F00DA45FA /* TimeLineViewController.swift */ = {isa = PBXFileReference; fileEncoding = 4; lastKnownFileType = sourcecode.swift; lineEnding = 0; path = TimeLineViewController.swift; sourceTree = "<group>"; };
/* End PBXFileReference section */

/* Begin PBXFrameworksBuildPhase section */
		C366D53A1F7F40FB00DA45FA /* Frameworks */ = {
			isa = PBXFrameworksBuildPhase;
			buildActionMask = 2147483647;
			files = (
				8FDAF28E1F873B26D28B5FB9 /* Pods_Embarc.framework in Frameworks */,
			);
			runOnlyForDeploymentPostprocessing = 0;
		};
/* End PBXFrameworksBuildPhase section */

/* Begin PBXGroup section */
		18D1CEFB3565D77C851307EE /* Frameworks */ = {
			isa = PBXGroup;
			children = (
				0D3CCE8A0DAB75C4B397ACB5 /* Pods_Embarc.framework */,
			);
			name = Frameworks;
			sourceTree = "<group>";
		};
		34380F0F67DDB7E348ABDADE /* Pods */ = {
			isa = PBXGroup;
			children = (
				330138630C850AF9A6C9EFAB /* Pods-Embarc.debug.xcconfig */,
				84CCFCAE873FA00FDE5D7324 /* Pods-Embarc.release.xcconfig */,
			);
			name = Pods;
			sourceTree = "<group>";
		};
		C366D5341F7F40FB00DA45FA = {
			isa = PBXGroup;
			children = (
				C366D53F1F7F40FB00DA45FA /* Embarc */,
				C366D53E1F7F40FB00DA45FA /* Products */,
				C35ACCFE1F7F83AB0005A856 /* Embarc1.jpg */,
				34380F0F67DDB7E348ABDADE /* Pods */,
				18D1CEFB3565D77C851307EE /* Frameworks */,
			);
			sourceTree = "<group>";
		};
		C366D53E1F7F40FB00DA45FA /* Products */ = {
			isa = PBXGroup;
			children = (
				C366D53D1F7F40FB00DA45FA /* Embarc.app */,
			);
			name = Products;
			sourceTree = "<group>";
		};
		C366D53F1F7F40FB00DA45FA /* Embarc */ = {
			isa = PBXGroup;
			children = (
				C366D5401F7F40FB00DA45FA /* AppDelegate.swift */,
				C366D5421F7F40FB00DA45FA /* RootViewController.swift */,
				C366D5441F7F40FB00DA45FA /* DataViewController.swift */,
				C366D5461F7F40FB00DA45FA /* ModelController.swift */,
				C366D54B1F7F40FB00DA45FA /* Assets.xcassets */,
				C366D5481F7F40FB00DA45FA /* Main.storyboard */,
				C366D54D1F7F40FB00DA45FA /* LaunchScreen.storyboard */,
				C366D5501F7F40FB00DA45FA /* Info.plist */,
				C366D5571F7F498F00DA45FA /* TimeLineViewController.swift */,
			);
			path = Embarc;
			sourceTree = "<group>";
		};
/* End PBXGroup section */

/* Begin PBXNativeTarget section */
		C366D53C1F7F40FB00DA45FA /* Embarc */ = {
			isa = PBXNativeTarget;
			buildConfigurationList = C366D5531F7F40FB00DA45FA /* Build configuration list for PBXNativeTarget "Embarc" */;
			buildPhases = (
				BD8EEA6A35BB9BC3F27B7203 /* [CP] Check Pods Manifest.lock */,
				C366D5391F7F40FB00DA45FA /* Sources */,
				C366D53A1F7F40FB00DA45FA /* Frameworks */,
				C366D53B1F7F40FB00DA45FA /* Resources */,
				48C8DCF894AA09FFFCF49F6C /* [CP] Embed Pods Frameworks */,
				F5779BF76D2997310E8E8F09 /* [CP] Copy Pods Resources */,
			);
			buildRules = (
			);
			dependencies = (
			);
			name = Embarc;
			productName = Embarc;
			productReference = C366D53D1F7F40FB00DA45FA /* Embarc.app */;
			productType = "com.apple.product-type.application";
		};
/* End PBXNativeTarget section */

/* Begin PBXProject section */
		C366D5351F7F40FB00DA45FA /* Project object */ = {
			isa = PBXProject;
			attributes = {
				LastSwiftUpdateCheck = 0900;
				LastUpgradeCheck = 0900;
				ORGANIZATIONNAME = "Javed Shaik";
				TargetAttributes = {
					C366D53C1F7F40FB00DA45FA = {
						CreatedOnToolsVersion = 9.0;
						ProvisioningStyle = Automatic;
					};
				};
			};
			buildConfigurationList = C366D5381F7F40FB00DA45FA /* Build configuration list for PBXProject "Embarc" */;
			compatibilityVersion = "Xcode 8.0";
			developmentRegion = en;
			hasScannedForEncodings = 0;
			knownRegions = (
				en,
				Base,
			);
			mainGroup = C366D5341F7F40FB00DA45FA;
			productRefGroup = C366D53E1F7F40FB00DA45FA /* Products */;
			projectDirPath = "";
			projectRoot = "";
			targets = (
				C366D53C1F7F40FB00DA45FA /* Embarc */,
			);
		};
/* End PBXProject section */

/* Begin PBXResourcesBuildPhase section */
		C366D53B1F7F40FB00DA45FA /* Resources */ = {
			isa = PBXResourcesBuildPhase;
			buildActionMask = 2147483647;
			files = (
				C366D54F1F7F40FB00DA45FA /* LaunchScreen.storyboard in Resources */,
				C366D54C1F7F40FB00DA45FA /* Assets.xcassets in Resources */,
				C366D54A1F7F40FB00DA45FA /* Main.storyboard in Resources */,
				C35ACCFF1F7F84730005A856 /* Embarc1.jpg in Resources */,
			);
			runOnlyForDeploymentPostprocessing = 0;
		};
/* End PBXResourcesBuildPhase section */

/* Begin PBXShellScriptBuildPhase section */
		48C8DCF894AA09FFFCF49F6C /* [CP] Embed Pods Frameworks */ = {
			isa = PBXShellScriptBuildPhase;
			buildActionMask = 2147483647;
			files = (
			);
			inputPaths = (
				"${SRCROOT}/Pods/Target Support Files/Pods-Embarc/Pods-Embarc-frameworks.sh",
				"${BUILT_PRODUCTS_DIR}/Alamofire/Alamofire.framework",
			);
			name = "[CP] Embed Pods Frameworks";
			outputPaths = (
				"${TARGET_BUILD_DIR}/${FRAMEWORKS_FOLDER_PATH}/Alamofire.framework",
			);
			runOnlyForDeploymentPostprocessing = 0;
			shellPath = /bin/sh;
			shellScript = "\"${SRCROOT}/Pods/Target Support Files/Pods-Embarc/Pods-Embarc-frameworks.sh\"\n";
			showEnvVarsInLog = 0;
		};
		BD8EEA6A35BB9BC3F27B7203 /* [CP] Check Pods Manifest.lock */ = {
			isa = PBXShellScriptBuildPhase;
			buildActionMask = 2147483647;
			files = (
			);
			inputPaths = (
				"${PODS_PODFILE_DIR_PATH}/Podfile.lock",
				"${PODS_ROOT}/Manifest.lock",
			);
			name = "[CP] Check Pods Manifest.lock";
			outputPaths = (
				"$(DERIVED_FILE_DIR)/Pods-Embarc-checkManifestLockResult.txt",
			);
			runOnlyForDeploymentPostprocessing = 0;
			shellPath = /bin/sh;
			shellScript = "diff \"${PODS_PODFILE_DIR_PATH}/Podfile.lock\" \"${PODS_ROOT}/Manifest.lock\" > /dev/null\nif [ $? != 0 ] ; then\n    # print error to STDERR\n    echo \"error: The sandbox is not in sync with the Podfile.lock. Run 'pod install' or update your CocoaPods installation.\" >&2\n    exit 1\nfi\n# This output is used by Xcode 'outputs' to avoid re-running this script phase.\necho \"SUCCESS\" > \"${SCRIPT_OUTPUT_FILE_0}\"\n";
			showEnvVarsInLog = 0;
		};
		F5779BF76D2997310E8E8F09 /* [CP] Copy Pods Resources */ = {
			isa = PBXShellScriptBuildPhase;
			buildActionMask = 2147483647;
			files = (
			);
			inputPaths = (
			);
			name = "[CP] Copy Pods Resources";
			outputPaths = (
			);
			runOnlyForDeploymentPostprocessing = 0;
			shellPath = /bin/sh;
			shellScript = "\"${SRCROOT}/Pods/Target Support Files/Pods-Embarc/Pods-Embarc-resources.sh\"\n";
			showEnvVarsInLog = 0;
		};
/* End PBXShellScriptBuildPhase section */

/* Begin PBXSourcesBuildPhase section */
		C366D5391F7F40FB00DA45FA /* Sources */ = {
			isa = PBXSourcesBuildPhase;
			buildActionMask = 2147483647;
			files = (
				C366D5431F7F40FB00DA45FA /* RootViewController.swift in Sources */,
				C366D5471F7F40FB00DA45FA /* ModelController.swift in Sources */,
				C366D5451F7F40FB00DA45FA /* DataViewController.swift in Sources */,
				C366D5581F7F498F00DA45FA /* TimeLineViewController.swift in Sources */,
				C366D5411F7F40FB00DA45FA /* AppDelegate.swift in Sources */,
			);
			runOnlyForDeploymentPostprocessing = 0;
		};
/* End PBXSourcesBuildPhase section */

/* Begin PBXVariantGroup section */
		C366D5481F7F40FB00DA45FA /* Main.storyboard */ = {
			isa = PBXVariantGroup;
			children = (
				C366D5491F7F40FB00DA45FA /* Base */,
			);
			name = Main.storyboard;
			sourceTree = "<group>";
		};
		C366D54D1F7F40FB00DA45FA /* LaunchScreen.storyboard */ = {
			isa = PBXVariantGroup;
			children = (
				C366D54E1F7F40FB00DA45FA /* Base */,
			);
			name = LaunchScreen.storyboard;
			sourceTree = "<group>";
		};
/* End PBXVariantGroup section */

/* Begin XCBuildConfiguration section */
		C366D5511F7F40FB00DA45FA /* Debug */ = {
			isa = XCBuildConfiguration;
			buildSettings = {
				ALWAYS_SEARCH_USER_PATHS = NO;
				CLANG_ANALYZER_NONNULL = YES;
				CLANG_ANALYZER_NUMBER_OBJECT_CONVERSION = YES_AGGRESSIVE;
				CLANG_CXX_LANGUAGE_STANDARD = "gnu++14";
				CLANG_CXX_LIBRARY = "libc++";
				CLANG_ENABLE_MODULES = YES;
				CLANG_ENABLE_OBJC_ARC = YES;
				CLANG_WARN_BLOCK_CAPTURE_AUTORELEASING = YES;
				CLANG_WARN_BOOL_CONVERSION = YES;
				CLANG_WARN_COMMA = YES;
				CLANG_WARN_CONSTANT_CONVERSION = YES;
				CLANG_WARN_DIRECT_OBJC_ISA_USAGE = YES_ERROR;
				CLANG_WARN_DOCUMENTATION_COMMENTS = YES;
				CLANG_WARN_EMPTY_BODY = YES;
				CLANG_WARN_ENUM_CONVERSION = YES;
				CLANG_WARN_INFINITE_RECURSION = YES;
				CLANG_WARN_INT_CONVERSION = YES;
				CLANG_WARN_NON_LITERAL_NULL_CONVERSION = YES;
				CLANG_WARN_OBJC_LITERAL_CONVERSION = YES;
				CLANG_WARN_OBJC_ROOT_CLASS = YES_ERROR;
				CLANG_WARN_RANGE_LOOP_ANALYSIS = YES;
				CLANG_WARN_STRICT_PROTOTYPES = YES;
				CLANG_WARN_SUSPICIOUS_MOVE = YES;
				CLANG_WARN_UNGUARDED_AVAILABILITY = YES_AGGRESSIVE;
				CLANG_WARN_UNREACHABLE_CODE = YES;
				CLANG_WARN__DUPLICATE_METHOD_MATCH = YES;
				CODE_SIGN_IDENTITY = "iPhone Developer";
				COPY_PHASE_STRIP = NO;
				DEBUG_INFORMATION_FORMAT = dwarf;
				ENABLE_STRICT_OBJC_MSGSEND = YES;
				ENABLE_TESTABILITY = YES;
				GCC_C_LANGUAGE_STANDARD = gnu11;
				GCC_DYNAMIC_NO_PIC = NO;
				GCC_NO_COMMON_BLOCKS = YES;
				GCC_OPTIMIZATION_LEVEL = 0;
				GCC_PREPROCESSOR_DEFINITIONS = (
					"DEBUG=1",
					"$(inherited)",
				);
				GCC_WARN_64_TO_32_BIT_CONVERSION = YES;
				GCC_WARN_ABOUT_RETURN_TYPE = YES_ERROR;
				GCC_WARN_UNDECLARED_SELECTOR = YES;
				GCC_WARN_UNINITIALIZED_AUTOS = YES_AGGRESSIVE;
				GCC_WARN_UNUSED_FUNCTION = YES;
				GCC_WARN_UNUSED_VARIABLE = YES;
				IPHONEOS_DEPLOYMENT_TARGET = 11.0;
				MTL_ENABLE_DEBUG_INFO = YES;
				ONLY_ACTIVE_ARCH = YES;
				SDKROOT = iphoneos;
				SWIFT_ACTIVE_COMPILATION_CONDITIONS = DEBUG;
				SWIFT_OPTIMIZATION_LEVEL = "-Onone";
			};
			name = Debug;
		};
		C366D5521F7F40FB00DA45FA /* Release */ = {
			isa = XCBuildConfiguration;
			buildSettings = {
				ALWAYS_SEARCH_USER_PATHS = NO;
				CLANG_ANALYZER_NONNULL = YES;
				CLANG_ANALYZER_NUMBER_OBJECT_CONVERSION = YES_AGGRESSIVE;
				CLANG_CXX_LANGUAGE_STANDARD = "gnu++14";
				CLANG_CXX_LIBRARY = "libc++";
				CLANG_ENABLE_MODULES = YES;
				CLANG_ENABLE_OBJC_ARC = YES;
				CLANG_WARN_BLOCK_CAPTURE_AUTORELEASING = YES;
				CLANG_WARN_BOOL_CONVERSION = YES;
				CLANG_WARN_COMMA = YES;
				CLANG_WARN_CONSTANT_CONVERSION = YES;
				CLANG_WARN_DIRECT_OBJC_ISA_USAGE = YES_ERROR;
				CLANG_WARN_DOCUMENTATION_COMMENTS = YES;
				CLANG_WARN_EMPTY_BODY = YES;
				CLANG_WARN_ENUM_CONVERSION = YES;
				CLANG_WARN_INFINITE_RECURSION = YES;
				CLANG_WARN_INT_CONVERSION = YES;
				CLANG_WARN_NON_LITERAL_NULL_CONVERSION = YES;
				CLANG_WARN_OBJC_LITERAL_CONVERSION = YES;
				CLANG_WARN_OBJC_ROOT_CLASS = YES_ERROR;
				CLANG_WARN_RANGE_LOOP_ANALYSIS = YES;
				CLANG_WARN_STRICT_PROTOTYPES = YES;
				CLANG_WARN_SUSPICIOUS_MOVE = YES;
				CLANG_WARN_UNGUARDED_AVAILABILITY = YES_AGGRESSIVE;
				CLANG_WARN_UNREACHABLE_CODE = YES;
				CLANG_WARN__DUPLICATE_METHOD_MATCH = YES;
				CODE_SIGN_IDENTITY = "iPhone Developer";
				COPY_PHASE_STRIP = NO;
				DEBUG_INFORMATION_FORMAT = "dwarf-with-dsym";
				ENABLE_NS_ASSERTIONS = NO;
				ENABLE_STRICT_OBJC_MSGSEND = YES;
				GCC_C_LANGUAGE_STANDARD = gnu11;
				GCC_NO_COMMON_BLOCKS = YES;
				GCC_WARN_64_TO_32_BIT_CONVERSION = YES;
				GCC_WARN_ABOUT_RETURN_TYPE = YES_ERROR;
				GCC_WARN_UNDECLARED_SELECTOR = YES;
				GCC_WARN_UNINITIALIZED_AUTOS = YES_AGGRESSIVE;
				GCC_WARN_UNUSED_FUNCTION = YES;
				GCC_WARN_UNUSED_VARIABLE = YES;
				IPHONEOS_DEPLOYMENT_TARGET = 11.0;
				MTL_ENABLE_DEBUG_INFO = NO;
				SDKROOT = iphoneos;
				SWIFT_OPTIMIZATION_LEVEL = "-Owholemodule";
				VALIDATE_PRODUCT = YES;
			};
			name = Release;
		};
		C366D5541F7F40FB00DA45FA /* Debug */ = {
			isa = XCBuildConfiguration;
			baseConfigurationReference = 330138630C850AF9A6C9EFAB /* Pods-Embarc.debug.xcconfig */;
			buildSettings = {
				ASSETCATALOG_COMPILER_APPICON_NAME = AppIcon;
				CODE_SIGN_STYLE = Automatic;
				INFOPLIST_FILE = Embarc/Info.plist;
				LD_RUNPATH_SEARCH_PATHS = "$(inherited) @executable_path/Frameworks";
				PRODUCT_BUNDLE_IDENTIFIER = SonicSolutions.Embarc;
				PRODUCT_NAME = "$(TARGET_NAME)";
				SWIFT_VERSION = 4.0;
				TARGETED_DEVICE_FAMILY = "1,2";
			};
			name = Debug;
		};
		C366D5551F7F40FB00DA45FA /* Release */ = {
			isa = XCBuildConfiguration;
			baseConfigurationReference = 84CCFCAE873FA00FDE5D7324 /* Pods-Embarc.release.xcconfig */;
			buildSettings = {
				ASSETCATALOG_COMPILER_APPICON_NAME = AppIcon;
				CODE_SIGN_STYLE = Automatic;
				INFOPLIST_FILE = Embarc/Info.plist;
				LD_RUNPATH_SEARCH_PATHS = "$(inherited) @executable_path/Frameworks";
				PRODUCT_BUNDLE_IDENTIFIER = SonicSolutions.Embarc;
				PRODUCT_NAME = "$(TARGET_NAME)";
				SWIFT_VERSION = 4.0;
				TARGETED_DEVICE_FAMILY = "1,2";
			};
			name = Release;
		};
/* End XCBuildConfiguration section */

/* Begin XCConfigurationList section */
		C366D5381F7F40FB00DA45FA /* Build configuration list for PBXProject "Embarc" */ = {
			isa = XCConfigurationList;
			buildConfigurations = (
				C366D5511F7F40FB00DA45FA /* Debug */,
				C366D5521F7F40FB00DA45FA /* Release */,
			);
			defaultConfigurationIsVisible = 0;
			defaultConfigurationName = Release;
		};
		C366D5531F7F40FB00DA45FA /* Build configuration list for PBXNativeTarget "Embarc" */ = {
			isa = XCConfigurationList;
			buildConfigurations = (
				C366D5541F7F40FB00DA45FA /* Debug */,
				C366D5551F7F40FB00DA45FA /* Release */,
			);
			defaultConfigurationIsVisible = 0;
			defaultConfigurationName = Release;
		};
/* End XCConfigurationList section */
	};
	rootObject = C366D5351F7F40FB00DA45FA /* Project object */;
}
